
Microsoft Visual Studio Solution File, Format Version 12.00
# Visual Studio Version 16
VisualStudioVersion = 16.0.29411.108
MinimumVisualStudioVersion = 10.0.40219.1
Project("{8BC9CEB8-8B4A-11D0-8D11-00A0C91BC942}") = "Stack2Lab", "Stack2Lab\Stack2Lab.vcxproj", "{0C03C958-3A22-4A1A-9A30-F206C6F0ABCC}"
EndProject
Global
	GlobalSection(SolutionConfigurationPlatforms) = preSolution
		Debug|x64 = Debug|x64
		Debug|x86 = Debug|x86
		Release|x64 = Release|x64
		Release|x86 = Release|x86
	EndGlobalSection
	GlobalSection(ProjectConfigurationPlatforms) = postSolution
		{0C03C958-3A22-4A1A-9A30-F206C6F0ABCC}.Debug|x64.ActiveCfg = Debug|x64
		{0C03C958-3A22-4A1A-9A30-F206C6F0ABCC}.Debug|x64.Build.0 = Debug|x64
		{0C03C958-3A22-4A1A-9A30-F206C6F0ABCC}.Debug|x86.ActiveCfg = Debug|Win32
		{0C03C958-3A22-4A1A-9A30-F206C6F0ABCC}.Debug|x86.Build.0 = Debug|Win32
		{0C03C958-3A22-4A1A-9A30-F206C6F0ABCC}.Release|x64.ActiveCfg = Release|x64
		{0C03C958-3A22-4A1A-9A30-F206C6F0ABCC}.Release|x64.Build.0 = Release|x64
		{0C03C958-3A22-4A1A-9A30-F206C6F0ABCC}.Release|x86.ActiveCfg = Release|Win32
		{0C03C958-3A22-4A1A-9A30-F206C6F0ABCC}.Release|x86.Build.0 = Release|Win32
	EndGlobalSection
	GlobalSection(SolutionProperties) = preSolution
		HideSolutionNode = FALSE
	EndGlobalSection
	GlobalSection(ExtensibilityGlobals) = postSolution
		SolutionGuid = {5FC119D9-55CB-435B-9414-BA8630928DD9}
	EndGlobalSection
EndGlobal
